
Microsoft Visual Studio Solution File, Format Version 12.00
# Visual Studio 2013
VisualStudioVersion = 12.0.21005.1
MinimumVisualStudioVersion = 10.0.40219.1
Project("{FAE04EC0-301F-11D3-BF4B-00C04F79EFBC}") = "SlippageHunter", "SlippageHunter\SlippageHunter.csproj", "{39B070B1-FDF6-46C7-99C6-CADBE1E90531}"
EndProject
Project("{FAE04EC0-301F-11D3-BF4B-00C04F79EFBC}") = "Common", "Common\Common.csproj", "{C97816C3-DBA7-4C6A-A4B4-7BB15F34AF1C}"
EndProject
Global
	GlobalSection(SolutionConfigurationPlatforms) = preSolution
		Debug|Any CPU = Debug|Any CPU
		Release|Any CPU = Release|Any CPU
	EndGlobalSection
	GlobalSection(ProjectConfigurationPlatforms) = postSolution
		{39B070B1-FDF6-46C7-99C6-CADBE1E90531}.Debug|Any CPU.ActiveCfg = Debug|Any CPU
		{39B070B1-FDF6-46C7-99C6-CADBE1E90531}.Debug|Any CPU.Build.0 = Debug|Any CPU
		{39B070B1-FDF6-46C7-99C6-CADBE1E90531}.Release|Any CPU.ActiveCfg = Release|Any CPU
		{39B070B1-FDF6-46C7-99C6-CADBE1E90531}.Release|Any CPU.Build.0 = Release|Any CPU
		{C97816C3-DBA7-4C6A-A4B4-7BB15F34AF1C}.Debug|Any CPU.ActiveCfg = Debug|Any CPU
		{C97816C3-DBA7-4C6A-A4B4-7BB15F34AF1C}.Debug|Any CPU.Build.0 = Debug|Any CPU
		{C97816C3-DBA7-4C6A-A4B4-7BB15F34AF1C}.Release|Any CPU.ActiveCfg = Release|Any CPU
		{C97816C3-DBA7-4C6A-A4B4-7BB15F34AF1C}.Release|Any CPU.Build.0 = Release|Any CPU
	EndGlobalSection
	GlobalSection(SolutionProperties) = preSolution
		HideSolutionNode = FALSE
	EndGlobalSection
EndGlobal
